{
  "object": {
    "pins": [
      {
        "package": "HTMLEntities",
        "repositoryURL": "https://github.com/IBM-Swift/swift-html-entities.git",
        "state": {
          "branch": null,
          "revision": "6cee271d3ea569607fb3c41f5f29d252f2e9e123",
          "version": "3.0.11"
        }
      },
      {
        "package": "SwiftSoup",
        "repositoryURL": "https://github.com/scinfu/SwiftSoup.git",
        "state": {
          "branch": null,
          "revision": "11da8c685ddde2d519fad04a7daf8485bbbc773e",
          "version": "1.7.5"
        }
      }
    ]
  },
  "version": 1
}
